{
  "pins" : [
    {
      "identity" : "aiphoneintercomcorepkg",
      "kind" : "remoteSourceControl",
      "location" : "https://github.com/AiphoneCorporation/AiphoneIntercomCorePkg",
      "state" : {
        "revision" : "d7ed7ab181b9397e45d39282fe9edfb4f4541fe8",
        "version" : "0.0.65"
      }
    }
  ],
  "version" : 2
}
