{
  "pins" : [
    {
      "identity" : "aiphoneintercomcorepkg",
      "kind" : "remoteSourceControl",
      "location" : "https://github.com/AiphoneCorporation/AiphoneIntercomCorePkg",
      "state" : {
        "revision" : "82858b88e4f44babd0ab6cfdd22b91ce772a1626",
        "version" : "0.0.49"
      }
    }
  ],
  "version" : 2
}
