{
  "pins" : [
    {
      "identity" : "aiphoneintercomcorepkg",
      "kind" : "remoteSourceControl",
      "location" : "https://github.com/AiphoneCorporation/AiphoneIntercomCorePkg",
      "state" : {
        "revision" : "7e5a80c4231e584df1bd3564ddcbc56f8faff6ca",
        "version" : "0.0.13"
      }
    }
  ],
  "version" : 2
}
